
Microsoft Visual Studio Solution File, Format Version 12.00
# Visual Studio Version 17
VisualStudioVersion = 17.14.36603.0 d17.14
MinimumVisualStudioVersion = 10.0.40219.1
Project("{FAE04EC0-301F-11D3-BF4B-00C04F79EFBC}") = "Laboratorium 2", "Laboratorium 2\Laboratorium 2.csproj", "{8A386CBC-41DB-4B03-B764-CA3161136BF3}"
EndProject
Global
	GlobalSection(SolutionConfigurationPlatforms) = preSolution
		Debug|Any CPU = Debug|Any CPU
		Release|Any CPU = Release|Any CPU
	EndGlobalSection
	GlobalSection(ProjectConfigurationPlatforms) = postSolution
		{8A386CBC-41DB-4B03-B764-CA3161136BF3}.Debug|Any CPU.ActiveCfg = Debug|Any CPU
		{8A386CBC-41DB-4B03-B764-CA3161136BF3}.Debug|Any CPU.Build.0 = Debug|Any CPU
		{8A386CBC-41DB-4B03-B764-CA3161136BF3}.Release|Any CPU.ActiveCfg = Release|Any CPU
		{8A386CBC-41DB-4B03-B764-CA3161136BF3}.Release|Any CPU.Build.0 = Release|Any CPU
	EndGlobalSection
	GlobalSection(SolutionProperties) = preSolution
		HideSolutionNode = FALSE
	EndGlobalSection
	GlobalSection(ExtensibilityGlobals) = postSolution
		SolutionGuid = {CF434DB7-DBA1-496A-9AD2-5D8EBDBB21D3}
	EndGlobalSection
EndGlobal
