
Microsoft Visual Studio Solution File, Format Version 12.00
# Visual Studio Version 17
VisualStudioVersion = 17.14.36603.0 d17.14
MinimumVisualStudioVersion = 10.0.40219.1
Project("{FAE04EC0-301F-11D3-BF4B-00C04F79EFBC}") = "Laboratorium 2 (zadanie 3)", "Laboratorium 2 (zadanie 3)\Laboratorium 2 (zadanie 3).csproj", "{7B425373-9FBD-4BEA-9EDA-C00DE640DA37}"
EndProject
Global
	GlobalSection(SolutionConfigurationPlatforms) = preSolution
		Debug|Any CPU = Debug|Any CPU
		Release|Any CPU = Release|Any CPU
	EndGlobalSection
	GlobalSection(ProjectConfigurationPlatforms) = postSolution
		{7B425373-9FBD-4BEA-9EDA-C00DE640DA37}.Debug|Any CPU.ActiveCfg = Debug|Any CPU
		{7B425373-9FBD-4BEA-9EDA-C00DE640DA37}.Debug|Any CPU.Build.0 = Debug|Any CPU
		{7B425373-9FBD-4BEA-9EDA-C00DE640DA37}.Release|Any CPU.ActiveCfg = Release|Any CPU
		{7B425373-9FBD-4BEA-9EDA-C00DE640DA37}.Release|Any CPU.Build.0 = Release|Any CPU
	EndGlobalSection
	GlobalSection(SolutionProperties) = preSolution
		HideSolutionNode = FALSE
	EndGlobalSection
	GlobalSection(ExtensibilityGlobals) = postSolution
		SolutionGuid = {33FC21DF-CCED-456A-81CD-08908F15A041}
	EndGlobalSection
EndGlobal
